github.com/polyglotdev/celeritas v1.0.0 h1:RKBBsapkymwojF7xxMSKj0RXVQr9nB1QKb8CrDO43xc=
github.com/polyglotdev/celeritas v1.0.0/go.mod h1:/XGZiX5rHYG3zIuA4QHLpLkDHeenVk1BC4r4AybxH44=
github.com/polyglotdev/celeritas v1.0.1 h1:mduD6eGl9CjiCP7UKs9rvFj+1MggYzzIs7TnviZyf7E=
github.com/polyglotdev/celeritas v1.0.1/go.mod h1:/XGZiX5rHYG3zIuA4QHLpLkDHeenVk1BC4r4AybxH44=
